
Microsoft Visual Studio Solution File, Format Version 12.00
# Visual Studio 15
VisualStudioVersion = 15.0.26430.6
MinimumVisualStudioVersion = 10.0.40219.1
Project("{FAE04EC0-301F-11D3-BF4B-00C04F79EFBC}") = "BabouExtensions.Core", "BabouExtensions.Core\BabouExtensions.Core.csproj", "{0764B353-DC49-4817-92F8-C834569042EE}"
EndProject
Project("{FAE04EC0-301F-11D3-BF4B-00C04F79EFBC}") = "BabouExtensions.Net", "BabouExtensions.Net\BabouExtensions.Net.csproj", "{6675312F-174E-4033-8FD2-CAE792FBBF51}"
EndProject
Global
	GlobalSection(SolutionConfigurationPlatforms) = preSolution
		Debug|Any CPU = Debug|Any CPU
		Release|Any CPU = Release|Any CPU
	EndGlobalSection
	GlobalSection(ProjectConfigurationPlatforms) = postSolution
		{0764B353-DC49-4817-92F8-C834569042EE}.Debug|Any CPU.ActiveCfg = Debug|Any CPU
		{0764B353-DC49-4817-92F8-C834569042EE}.Debug|Any CPU.Build.0 = Debug|Any CPU
		{0764B353-DC49-4817-92F8-C834569042EE}.Release|Any CPU.ActiveCfg = Release|Any CPU
		{0764B353-DC49-4817-92F8-C834569042EE}.Release|Any CPU.Build.0 = Release|Any CPU
		{6675312F-174E-4033-8FD2-CAE792FBBF51}.Debug|Any CPU.ActiveCfg = Debug|Any CPU
		{6675312F-174E-4033-8FD2-CAE792FBBF51}.Debug|Any CPU.Build.0 = Debug|Any CPU
		{6675312F-174E-4033-8FD2-CAE792FBBF51}.Release|Any CPU.ActiveCfg = Release|Any CPU
		{6675312F-174E-4033-8FD2-CAE792FBBF51}.Release|Any CPU.Build.0 = Release|Any CPU
	EndGlobalSection
	GlobalSection(SolutionProperties) = preSolution
		HideSolutionNode = FALSE
	EndGlobalSection
EndGlobal
